
Microsoft Visual Studio Solution File, Format Version 12.00
# Visual Studio Version 16
VisualStudioVersion = 16.0.810.20
MinimumVisualStudioVersion = 10.0.40219.1
Project("{FAE04EC0-301F-11D3-BF4B-00C04F79EFBC}") = "chitchat", "chitchat\chitchat.csproj", "{B048DD4D-8C07-46C9-8C3C-ED2C51722AC8}"
EndProject
Global
	GlobalSection(SolutionConfigurationPlatforms) = preSolution
		Debug|Any CPU = Debug|Any CPU
		Release|Any CPU = Release|Any CPU
	EndGlobalSection
	GlobalSection(ProjectConfigurationPlatforms) = postSolution
		{B048DD4D-8C07-46C9-8C3C-ED2C51722AC8}.Debug|Any CPU.ActiveCfg = Debug|Any CPU
		{B048DD4D-8C07-46C9-8C3C-ED2C51722AC8}.Debug|Any CPU.Build.0 = Debug|Any CPU
		{B048DD4D-8C07-46C9-8C3C-ED2C51722AC8}.Release|Any CPU.ActiveCfg = Release|Any CPU
		{B048DD4D-8C07-46C9-8C3C-ED2C51722AC8}.Release|Any CPU.Build.0 = Release|Any CPU
	EndGlobalSection
	GlobalSection(SolutionProperties) = preSolution
		HideSolutionNode = FALSE
	EndGlobalSection
	GlobalSection(ExtensibilityGlobals) = postSolution
		SolutionGuid = {021EAB40-2E28-42B4-B47A-055E2FFE8F50}
	EndGlobalSection
EndGlobal
